{
	"name": "sweetmesoft-js",
	"version": "1.0.98",
	"lockfileVersion": 3,
	"requires": true,
	"packages": {
		"": {
			"name": "sweetmesoft-js",
			"version": "1.0.98",
			"license": "MIT",
			"bin": {
				"sweetmesoft-js": "src/Ajax.js"
			},
			"devDependencies": {
				"@types/bootstrap": "^5.2.6",
				"@types/bootstrap-select": "^1.13.4",
				"@types/datatables.net": "^1.10.24",
				"@types/jquery": "^3.5.16",
				"cropperjs": "^1.5.13",
				"typescript": "^5.3.3"
			}
		},
		"node_modules/@popperjs/core": {
			"version": "2.11.8",
			"resolved": "https://registry.npmjs.org/@popperjs/core/-/core-2.11.8.tgz",
			"integrity": "sha512-P1st0aksCrn9sGZhp8GMYwBnQsbvAWsZAX44oXNNvLHGqAOcoVxmjZiohstwQ7SqKnbR47akdNi+uleWD8+g6A==",
			"dev": true,
			"funding": {
				"type": "opencollective",
				"url": "https://opencollective.com/popperjs"
			}
		},
		"node_modules/@types/bootstrap": {
			"version": "5.2.6",
			"resolved": "https://registry.npmjs.org/@types/bootstrap/-/bootstrap-5.2.6.tgz",
			"integrity": "sha512-BlAc3YATdasbHoxMoBWODrSF6qwQO/E9X8wVxCCSa6rWjnaZfpkr2N6pUMCY6jj2+wf0muUtLySbvU9etX6YqA==",
			"dev": true,
			"dependencies": {
				"@popperjs/core": "^2.9.2"
			}
		},
		"node_modules/@types/bootstrap-select": {
			"version": "1.13.4",
			"resolved": "https://registry.npmjs.org/@types/bootstrap-select/-/bootstrap-select-1.13.4.tgz",
			"integrity": "sha512-jpmfCyF/DETb7P9Ob1htDoSGwSNvdddmBEe47iAbLttWGAGbEzE/Ks6/eGzKzEbDDLbL/melqSW8RkqTpa60Gw==",
			"dev": true,
			"dependencies": {
				"@types/jquery": "*"
			}
		},
		"node_modules/@types/datatables.net": {
			"version": "1.10.24",
			"resolved": "https://registry.npmjs.org/@types/datatables.net/-/datatables.net-1.10.24.tgz",
			"integrity": "sha512-Qb82/7Gn0bU36YLiv0MdaqKzhTLfRO9qPvFdkW0miQ6ATMG47aoPn2r//zTvGd3oPSt+Lzp1HSsjP6rZRuki8g==",
			"dev": true,
			"dependencies": {
				"@types/jquery": "*"
			}
		},
		"node_modules/@types/jquery": {
			"version": "3.5.16",
			"resolved": "https://registry.npmjs.org/@types/jquery/-/jquery-3.5.16.tgz",
			"integrity": "sha512-bsI7y4ZgeMkmpG9OM710RRzDFp+w4P1RGiIt30C1mSBT+ExCleeh4HObwgArnDFELmRrOpXgSYN9VF1hj+f1lw==",
			"dev": true,
			"dependencies": {
				"@types/sizzle": "*"
			}
		},
		"node_modules/@types/sizzle": {
			"version": "2.3.3",
			"resolved": "https://registry.npmjs.org/@types/sizzle/-/sizzle-2.3.3.tgz",
			"integrity": "sha512-JYM8x9EGF163bEyhdJBpR2QX1R5naCJHC8ucJylJ3w9/CVBaskdQ8WqBf8MmQrd1kRvp/a4TS8HJ+bxzR7ZJYQ==",
			"dev": true
		},
		"node_modules/cropperjs": {
			"version": "1.5.13",
			"resolved": "https://registry.npmjs.org/cropperjs/-/cropperjs-1.5.13.tgz",
			"integrity": "sha512-by7jKAo73y5/Do0K6sxdTKHgndY0NMjG2bEdgeJxycbcmHuCiMXqw8sxy5C5Y5WTOTcDGmbT7Sr5CgKOXR06OA==",
			"dev": true
		},
		"node_modules/typescript": {
			"version": "5.3.3",
			"resolved": "https://registry.npmjs.org/typescript/-/typescript-5.3.3.tgz",
			"integrity": "sha512-pXWcraxM0uxAS+tN0AG/BF2TyqmHO014Z070UsJ+pFvYuRSq8KH8DmWpnbXe0pEPDHXZV3FcAbJkijJ5oNEnWw==",
			"dev": true,
			"bin": {
				"tsc": "bin/tsc",
				"tsserver": "bin/tsserver"
			},
			"engines": {
				"node": ">=14.17"
			}
		}
	}
}
